{
  "nodes": {
    "nixpkgs": {
      "locked": {
        "lastModified": 1763678758,
        "narHash": "sha256-+hBiJ+kG5IoffUOdlANKFflTT5nO3FrrR2CA3178Y5s=",
        "owner": "NixOS",
        "repo": "nixpkgs",
        "rev": "117cc7f94e8072499b0a7aa4c52084fa4e11cc9b",
        "type": "github"
      },
      "original": {
        "owner": "NixOS",
        "ref": "nixos-unstable",
        "repo": "nixpkgs",
        "type": "github"
      }
    },
    "oom-src": {
      "flake": false,
      "locked": {
        "lastModified": 1763240429,
        "narHash": "sha256-BK0k8HjGc3mCy1ZCc/DDAILYimZ93vrIpsEH6P80zzM=",
        "owner": "sneakyfoot",
        "repo": "OOM",
        "rev": "0ad0ef268eacd08ee30630e0a653aaed90bc4d17",
        "type": "github"
      },
      "original": {
        "owner": "sneakyfoot",
        "repo": "OOM",
        "type": "github"
      }
    },
    "root": {
      "inputs": {
        "nixpkgs": "nixpkgs",
        "oom-src": "oom-src"
      }
    }
  },
  "root": "root",
  "version": 7
}
